
Microsoft Visual Studio Solution File, Format Version 12.00
# Visual Studio 15
Project("{FAE04EC0-301F-11D3-BF4B-00C04F79EFBC}") = "Assembly-CSharp", "Assembly-CSharp.csproj", "{0A576126-42EB-B801-DB76-F3A2CD53F925}"
EndProject
Project("{FAE04EC0-301F-11D3-BF4B-00C04F79EFBC}") = "Assembly-CSharp-Editor", "Assembly-CSharp-Editor.csproj", "{D1A0C4FC-3D9A-B926-D7B9-74EFAE9FE180}"
EndProject
Global
	GlobalSection(SolutionConfigurationPlatforms) = preSolution
		Debug|Any CPU = Debug|Any CPU
		Release|Any CPU = Release|Any CPU
	EndGlobalSection
	GlobalSection(ProjectConfigurationPlatforms) = postSolution
		{0A576126-42EB-B801-DB76-F3A2CD53F925}.Debug|Any CPU.ActiveCfg = Debug|Any CPU
		{0A576126-42EB-B801-DB76-F3A2CD53F925}.Debug|Any CPU.Build.0 = Debug|Any CPU
		{0A576126-42EB-B801-DB76-F3A2CD53F925}.Release|Any CPU.ActiveCfg = Release|Any CPU
		{0A576126-42EB-B801-DB76-F3A2CD53F925}.Release|Any CPU.Build.0 = Release|Any CPU
		{D1A0C4FC-3D9A-B926-D7B9-74EFAE9FE180}.Debug|Any CPU.ActiveCfg = Debug|Any CPU
		{D1A0C4FC-3D9A-B926-D7B9-74EFAE9FE180}.Debug|Any CPU.Build.0 = Debug|Any CPU
		{D1A0C4FC-3D9A-B926-D7B9-74EFAE9FE180}.Release|Any CPU.ActiveCfg = Release|Any CPU
		{D1A0C4FC-3D9A-B926-D7B9-74EFAE9FE180}.Release|Any CPU.Build.0 = Release|Any CPU
	EndGlobalSection
	GlobalSection(SolutionProperties) = preSolution
		HideSolutionNode = FALSE
	EndGlobalSection
EndGlobal
